
Microsoft Visual Studio Solution File, Format Version 12.00
# Visual Studio Version 16
VisualStudioVersion = 16.0.33214.272
MinimumVisualStudioVersion = 10.0.40219.1
Project("{FAE04EC0-301F-11D3-BF4B-00C04F79EFBC}") = "PrimeNumber", "PrimeNumber\PrimeNumber.csproj", "{B97F4969-6C7F-48F5-8B6F-2F79014CF7E1}"
EndProject
Project("{FAE04EC0-301F-11D3-BF4B-00C04F79EFBC}") = "RecapDemo1", "RecapDemo1\RecapDemo1.csproj", "{37901FE3-5312-4DB2-9EAE-BCFDA5BFC6F4}"
EndProject
Global
	GlobalSection(SolutionConfigurationPlatforms) = preSolution
		Debug|Any CPU = Debug|Any CPU
		Release|Any CPU = Release|Any CPU
	EndGlobalSection
	GlobalSection(ProjectConfigurationPlatforms) = postSolution
		{B97F4969-6C7F-48F5-8B6F-2F79014CF7E1}.Debug|Any CPU.ActiveCfg = Debug|Any CPU
		{B97F4969-6C7F-48F5-8B6F-2F79014CF7E1}.Debug|Any CPU.Build.0 = Debug|Any CPU
		{B97F4969-6C7F-48F5-8B6F-2F79014CF7E1}.Release|Any CPU.ActiveCfg = Release|Any CPU
		{B97F4969-6C7F-48F5-8B6F-2F79014CF7E1}.Release|Any CPU.Build.0 = Release|Any CPU
		{37901FE3-5312-4DB2-9EAE-BCFDA5BFC6F4}.Debug|Any CPU.ActiveCfg = Debug|Any CPU
		{37901FE3-5312-4DB2-9EAE-BCFDA5BFC6F4}.Debug|Any CPU.Build.0 = Debug|Any CPU
		{37901FE3-5312-4DB2-9EAE-BCFDA5BFC6F4}.Release|Any CPU.ActiveCfg = Release|Any CPU
		{37901FE3-5312-4DB2-9EAE-BCFDA5BFC6F4}.Release|Any CPU.Build.0 = Release|Any CPU
	EndGlobalSection
	GlobalSection(SolutionProperties) = preSolution
		HideSolutionNode = FALSE
	EndGlobalSection
	GlobalSection(ExtensibilityGlobals) = postSolution
		SolutionGuid = {EE5FF9E0-C098-41AB-BA65-6B1D9F482B1B}
	EndGlobalSection
EndGlobal
